<Solution>
    <Project Path="src/Apps/KgTest/KgTest.csproj"/>
    <Project Path="src/Apps/KgWebApi.Net/KgWebApi.Net.csproj"/>
    <Project Path="src/Native/KuGou.Net.Native/KuGou.Net.Native.csproj"/>
    <Project Path="src/Libraries/AvaloniaLyrics/AvaloniaLyrics.csproj"/>
    <Project Path="src/Libraries/KuGou.Net/KuGou.Net.csproj"/>
    <Project Path="src/Apps/KugouAvaloniaPlayer\KugouAvaloniaPlayer.csproj"/>
    <Project Path="src/Libraries/SimpleAudio\SimpleAudio.csproj"/>
</Solution>
